
Microsoft Visual Studio Solution File, Format Version 12.00
# Visual Studio 2013
VisualStudioVersion = 12.0.21005.1
MinimumVisualStudioVersion = 10.0.40219.1
Project("{888888A0-9F3D-457C-B088-3A5042F75D52}") = "DEV_01_1___Assignment_5___Exercise_3", "DEV_01_1___Assignment_5___Exercise_3\DEV_01_1___Assignment_5___Exercise_3.pyproj", "{0835753A-5FA4-404F-9CC3-E91EC93B52A6}"
EndProject
Global
	GlobalSection(SolutionConfigurationPlatforms) = preSolution
		Debug|Any CPU = Debug|Any CPU
		Release|Any CPU = Release|Any CPU
	EndGlobalSection
	GlobalSection(ProjectConfigurationPlatforms) = postSolution
		{0835753A-5FA4-404F-9CC3-E91EC93B52A6}.Debug|Any CPU.ActiveCfg = Debug|Any CPU
		{0835753A-5FA4-404F-9CC3-E91EC93B52A6}.Release|Any CPU.ActiveCfg = Release|Any CPU
	EndGlobalSection
	GlobalSection(SolutionProperties) = preSolution
		HideSolutionNode = FALSE
	EndGlobalSection
EndGlobal
