
Microsoft Visual Studio Solution File, Format Version 12.00
# Visual Studio 2013
VisualStudioVersion = 12.0.21005.1
MinimumVisualStudioVersion = 10.0.40219.1
Project("{888888A0-9F3D-457C-B088-3A5042F75D52}") = "DEV_01_1___Assignment_5___Exercise_1", "DEV_01_1___Assignment_5___Exercise_1\DEV_01_1___Assignment_5___Exercise_1.pyproj", "{DEFDF036-7D79-42AA-99F9-0DE2FEED383E}"
EndProject
Global
	GlobalSection(SolutionConfigurationPlatforms) = preSolution
		Debug|Any CPU = Debug|Any CPU
		Release|Any CPU = Release|Any CPU
	EndGlobalSection
	GlobalSection(ProjectConfigurationPlatforms) = postSolution
		{DEFDF036-7D79-42AA-99F9-0DE2FEED383E}.Debug|Any CPU.ActiveCfg = Debug|Any CPU
		{DEFDF036-7D79-42AA-99F9-0DE2FEED383E}.Release|Any CPU.ActiveCfg = Release|Any CPU
	EndGlobalSection
	GlobalSection(SolutionProperties) = preSolution
		HideSolutionNode = FALSE
	EndGlobalSection
EndGlobal
